
Microsoft Visual Studio Solution File, Format Version 12.00
# Visual Studio Version 17
VisualStudioVersion = 17.3.32825.248
MinimumVisualStudioVersion = 10.0.40219.1
Project("{8BC9CEB8-8B4A-11D0-8D11-00A0C91BC942}") = "01C语言概述", "01C语言概述.vcxproj", "{AE887324-3C0C-4C88-AA20-D90D9E03A480}"
EndProject
Global
	GlobalSection(SolutionConfigurationPlatforms) = preSolution
		Debug|x64 = Debug|x64
		Debug|x86 = Debug|x86
		Release|x64 = Release|x64
		Release|x86 = Release|x86
	EndGlobalSection
	GlobalSection(ProjectConfigurationPlatforms) = postSolution
		{AE887324-3C0C-4C88-AA20-D90D9E03A480}.Debug|x64.ActiveCfg = Debug|x64
		{AE887324-3C0C-4C88-AA20-D90D9E03A480}.Debug|x64.Build.0 = Debug|x64
		{AE887324-3C0C-4C88-AA20-D90D9E03A480}.Debug|x86.ActiveCfg = Debug|Win32
		{AE887324-3C0C-4C88-AA20-D90D9E03A480}.Debug|x86.Build.0 = Debug|Win32
		{AE887324-3C0C-4C88-AA20-D90D9E03A480}.Release|x64.ActiveCfg = Release|x64
		{AE887324-3C0C-4C88-AA20-D90D9E03A480}.Release|x64.Build.0 = Release|x64
		{AE887324-3C0C-4C88-AA20-D90D9E03A480}.Release|x86.ActiveCfg = Release|Win32
		{AE887324-3C0C-4C88-AA20-D90D9E03A480}.Release|x86.Build.0 = Release|Win32
	EndGlobalSection
	GlobalSection(SolutionProperties) = preSolution
		HideSolutionNode = FALSE
	EndGlobalSection
	GlobalSection(ExtensibilityGlobals) = postSolution
		SolutionGuid = {0169B8E2-EAC9-440D-A250-4DD6B9D5FBAA}
	EndGlobalSection
EndGlobal
